
Microsoft Visual Studio Solution File, Format Version 12.00
# Visual Studio Version 17
VisualStudioVersion = 17.2.32630.192
MinimumVisualStudioVersion = 10.0.40219.1
Project("{2150E333-8FDC-42A3-9474-1A3956D46DE8}") = "Common", "Common", "{8D30C131-8223-4C54-A0A8-FE97525DA49A}"
EndProject
Project("{2150E333-8FDC-42A3-9474-1A3956D46DE8}") = "MicroServices", "MicroServices", "{BFA899A1-5918-4F39-80C0-C83F95BBA1BA}"
EndProject
Project("{FAE04EC0-301F-11D3-BF4B-00C04F79EFBC}") = "Together.Core", "Common\Together.Core\Together.Core.csproj", "{580ACB8C-F559-41D4-971C-8B3EFF49DDB4}"
EndProject
Global
	GlobalSection(SolutionConfigurationPlatforms) = preSolution
		Debug|Any CPU = Debug|Any CPU
		Release|Any CPU = Release|Any CPU
	EndGlobalSection
	GlobalSection(ProjectConfigurationPlatforms) = postSolution
		{580ACB8C-F559-41D4-971C-8B3EFF49DDB4}.Debug|Any CPU.ActiveCfg = Debug|Any CPU
		{580ACB8C-F559-41D4-971C-8B3EFF49DDB4}.Debug|Any CPU.Build.0 = Debug|Any CPU
		{580ACB8C-F559-41D4-971C-8B3EFF49DDB4}.Release|Any CPU.ActiveCfg = Release|Any CPU
		{580ACB8C-F559-41D4-971C-8B3EFF49DDB4}.Release|Any CPU.Build.0 = Release|Any CPU
	EndGlobalSection
	GlobalSection(SolutionProperties) = preSolution
		HideSolutionNode = FALSE
	EndGlobalSection
	GlobalSection(NestedProjects) = preSolution
		{580ACB8C-F559-41D4-971C-8B3EFF49DDB4} = {8D30C131-8223-4C54-A0A8-FE97525DA49A}
	EndGlobalSection
	GlobalSection(ExtensibilityGlobals) = postSolution
		SolutionGuid = {24CEB503-C2A5-41D8-8D3E-D4DF7087A2A5}
	EndGlobalSection
EndGlobal
