
Microsoft Visual Studio Solution File, Format Version 12.00
# Visual Studio Version 17
VisualStudioVersion = 17.2.32630.192
MinimumVisualStudioVersion = 10.0.40219.1
Project("{2150E333-8FDC-42A3-9474-1A3956D46DE8}") = "Common", "Common", "{8D30C131-8223-4C54-A0A8-FE97525DA49A}"
EndProject
Project("{2150E333-8FDC-42A3-9474-1A3956D46DE8}") = "MicroServices", "MicroServices", "{BFA899A1-5918-4F39-80C0-C83F95BBA1BA}"
EndProject
Project("{9A19103F-16F7-4668-BE54-9A1E7A4F7556}") = "Together.Core", "Common\Together.Core\Together.Core.csproj", "{580ACB8C-F559-41D4-971C-8B3EFF49DDB4}"
EndProject
Project("{9A19103F-16F7-4668-BE54-9A1E7A4F7556}") = "Together.Infrastructure", "Common\Together.Infrastructure\Together.Infrastructure.csproj", "{96952091-F3E8-4EBF-BC6B-95EB61F14F1E}"
EndProject
Project("{2150E333-8FDC-42A3-9474-1A3956D46DE8}") = "Product", "Product", "{CB688A01-9AE3-4E86-BF64-83E6941F8C3D}"
EndProject
Project("{9A19103F-16F7-4668-BE54-9A1E7A4F7556}") = "Together.ProductService.Core", "MicroServices\Product\Together.ProductService.Core\Together.ProductService.Core.csproj", "{8D34EB6F-62AD-460A-A116-61DAC1D51806}"
EndProject
Project("{9A19103F-16F7-4668-BE54-9A1E7A4F7556}") = "Together.ProductService.Infrastructure", "MicroServices\Product\Together.ProductService.Infrastructure\Together.ProductService.Infrastructure.csproj", "{3BE4EA35-6467-410B-9651-05BCFB0CC44B}"
EndProject
Project("{9A19103F-16F7-4668-BE54-9A1E7A4F7556}") = "Together.ProductService.Api", "MicroServices\Product\Together.ProductService.Api\Together.ProductService.Api.csproj", "{28161320-0942-4931-A0CE-71A0C596F1FB}"
EndProject
Project("{9A19103F-16F7-4668-BE54-9A1E7A4F7556}") = "Together.AppContracts", "Common\Together.AppContracts\Together.AppContracts.csproj", "{EDB6421C-B0D0-4E15-A845-3D5279FFCB3C}"
EndProject
Project("{2150E333-8FDC-42A3-9474-1A3956D46DE8}") = "Order", "Order", "{A2FB9FC1-64EC-4648-9FC2-DB89FBDE6279}"
EndProject
Project("{9A19103F-16F7-4668-BE54-9A1E7A4F7556}") = "Together.OrderService.Core", "MicroServices\Order\Together.OrderService.Core\Together.OrderService.Core.csproj", "{22A51156-D058-47D5-BF44-00024483D04F}"
EndProject
Project("{9A19103F-16F7-4668-BE54-9A1E7A4F7556}") = "Together.OrderService.Infrastructure", "MicroServices\Order\Together.OrderService.Infrastructure\Together.OrderService.Infrastructure.csproj", "{58AF4F2F-CCC6-46AC-BEB3-FB665A310E85}"
EndProject
Project("{2150E333-8FDC-42A3-9474-1A3956D46DE8}") = "Customer", "Customer", "{AAF1593E-E20A-418A-B002-EA161F005A30}"
EndProject
Project("{9A19103F-16F7-4668-BE54-9A1E7A4F7556}") = "Together.CustomerService.Core", "MicroServices\Customer\Together.CustomerService.Core\Together.CustomerService.Core.csproj", "{28FC2B63-0843-4CBC-BC16-56E5D83D8A35}"
EndProject
Project("{9A19103F-16F7-4668-BE54-9A1E7A4F7556}") = "Together.CustomerService.Infrastructor", "MicroServices\Customer\Together.CustomerService.Infrastructor\Together.CustomerService.Infrastructor.csproj", "{BF0F9E8D-4A11-4033-8508-2B14E350F350}"
EndProject
Project("{9A19103F-16F7-4668-BE54-9A1E7A4F7556}") = "Together.OrderService.Api", "MicroServices\Order\Together.OrderService.Api\Together.OrderService.Api.csproj", "{72D83112-57B7-49F3-A1EA-B92765CF54C0}"
EndProject
Project("{9A19103F-16F7-4668-BE54-9A1E7A4F7556}") = "Together.CustomerService.Api", "MicroServices\Customer\Together.CustomerService.Api\Together.CustomerService.Api.csproj", "{0C9CCEFD-3EEF-48C6-9539-7E58587651FB}"
EndProject
Project("{2150E333-8FDC-42A3-9474-1A3956D46DE8}") = "AppGateway", "AppGateway", "{9F543D78-DF9E-47B0-A891-E8429D3DC0A0}"
EndProject
Project("{9A19103F-16F7-4668-BE54-9A1E7A4F7556}") = "Together.ApiGateway", "AppGateway\Together.ApiGateway\Together.ApiGateway.csproj", "{5BD93F04-96B9-4CEB-AC3E-25DBB0C34C31}"
EndProject
Project("{2150E333-8FDC-42A3-9474-1A3956D46DE8}") = "Identity", "Identity", "{1E5E7C4B-1BBD-4E68-8373-1BF0F4CF3CD9}"
EndProject
Project("{9A19103F-16F7-4668-BE54-9A1E7A4F7556}") = "Together.IdentityServer", "MicroServices\Identity\Together.IdentityServer\Together.IdentityServer.csproj", "{D5C09F16-9B4E-4421-8F5B-6F9A881F88A4}"
EndProject
Project("{2150E333-8FDC-42A3-9474-1A3956D46DE8}") = "EventsBus", "EventsBus", "{897BB94D-6038-46AB-A4A1-F96490837667}"
EndProject
Project("{9A19103F-16F7-4668-BE54-9A1E7A4F7556}") = "Together.Product.Process", "EventsBus\Together.Product.Process\Together.Product.Process.csproj", "{02336622-8105-413D-B3A8-DE1C8BABECBB}"
EndProject
Project("{2150E333-8FDC-42A3-9474-1A3956D46DE8}") = "Warehouse", "Warehouse", "{ADBEA802-BCDD-4923-8852-78DA86B540D4}"
EndProject
Project("{9A19103F-16F7-4668-BE54-9A1E7A4F7556}") = "Together.Warehouse.Infrastructor", "MicroServices\Warehouse\Together.Warehouse.Infrastructor\Together.Warehouse.Infrastructor.csproj", "{9FDA6355-D98E-4FB4-8115-C09182F5DA83}"
EndProject
Project("{9A19103F-16F7-4668-BE54-9A1E7A4F7556}") = "Together.Warehouse.Core", "MicroServices\Warehouse\Together.Warehouse.Core\Together.Warehouse.Core.csproj", "{C72364DE-051D-4733-AB11-F008FDA74D66}"
EndProject
Project("{2150E333-8FDC-42A3-9474-1A3956D46DE8}") = "Extensions", "Extensions", "{2F4A03D8-056E-4097-9B1A-509EE1518A4A}"
EndProject
Project("{2150E333-8FDC-42A3-9474-1A3956D46DE8}") = "Diagram", "Diagram", "{4772A432-9E47-47F0-A113-50FA1DEB86CF}"
	ProjectSection(SolutionItems) = preProject
		Extensions\Diagram\ecommerce-platform-data-1.webp = Extensions\Diagram\ecommerce-platform-data-1.webp
	EndProjectSection
EndProject
Project("{2150E333-8FDC-42A3-9474-1A3956D46DE8}") = "Script", "Script", "{F36A9A83-21B3-40C7-A496-C136C99EC99C}"
	ProjectSection(SolutionItems) = preProject
		Address.sql = Address.sql
	EndProjectSection
EndProject
Global
	GlobalSection(SolutionConfigurationPlatforms) = preSolution
		Debug|Any CPU = Debug|Any CPU
		Release|Any CPU = Release|Any CPU
	EndGlobalSection
	GlobalSection(ProjectConfigurationPlatforms) = postSolution
		{580ACB8C-F559-41D4-971C-8B3EFF49DDB4}.Debug|Any CPU.ActiveCfg = Debug|Any CPU
		{580ACB8C-F559-41D4-971C-8B3EFF49DDB4}.Debug|Any CPU.Build.0 = Debug|Any CPU
		{580ACB8C-F559-41D4-971C-8B3EFF49DDB4}.Release|Any CPU.ActiveCfg = Release|Any CPU
		{580ACB8C-F559-41D4-971C-8B3EFF49DDB4}.Release|Any CPU.Build.0 = Release|Any CPU
		{96952091-F3E8-4EBF-BC6B-95EB61F14F1E}.Debug|Any CPU.ActiveCfg = Debug|Any CPU
		{96952091-F3E8-4EBF-BC6B-95EB61F14F1E}.Debug|Any CPU.Build.0 = Debug|Any CPU
		{96952091-F3E8-4EBF-BC6B-95EB61F14F1E}.Release|Any CPU.ActiveCfg = Release|Any CPU
		{96952091-F3E8-4EBF-BC6B-95EB61F14F1E}.Release|Any CPU.Build.0 = Release|Any CPU
		{8D34EB6F-62AD-460A-A116-61DAC1D51806}.Debug|Any CPU.ActiveCfg = Debug|Any CPU
		{8D34EB6F-62AD-460A-A116-61DAC1D51806}.Debug|Any CPU.Build.0 = Debug|Any CPU
		{8D34EB6F-62AD-460A-A116-61DAC1D51806}.Release|Any CPU.ActiveCfg = Release|Any CPU
		{8D34EB6F-62AD-460A-A116-61DAC1D51806}.Release|Any CPU.Build.0 = Release|Any CPU
		{3BE4EA35-6467-410B-9651-05BCFB0CC44B}.Debug|Any CPU.ActiveCfg = Debug|Any CPU
		{3BE4EA35-6467-410B-9651-05BCFB0CC44B}.Debug|Any CPU.Build.0 = Debug|Any CPU
		{3BE4EA35-6467-410B-9651-05BCFB0CC44B}.Release|Any CPU.ActiveCfg = Release|Any CPU
		{3BE4EA35-6467-410B-9651-05BCFB0CC44B}.Release|Any CPU.Build.0 = Release|Any CPU
		{28161320-0942-4931-A0CE-71A0C596F1FB}.Debug|Any CPU.ActiveCfg = Debug|Any CPU
		{28161320-0942-4931-A0CE-71A0C596F1FB}.Debug|Any CPU.Build.0 = Debug|Any CPU
		{28161320-0942-4931-A0CE-71A0C596F1FB}.Release|Any CPU.ActiveCfg = Release|Any CPU
		{28161320-0942-4931-A0CE-71A0C596F1FB}.Release|Any CPU.Build.0 = Release|Any CPU
		{EDB6421C-B0D0-4E15-A845-3D5279FFCB3C}.Debug|Any CPU.ActiveCfg = Debug|Any CPU
		{EDB6421C-B0D0-4E15-A845-3D5279FFCB3C}.Debug|Any CPU.Build.0 = Debug|Any CPU
		{EDB6421C-B0D0-4E15-A845-3D5279FFCB3C}.Release|Any CPU.ActiveCfg = Release|Any CPU
		{EDB6421C-B0D0-4E15-A845-3D5279FFCB3C}.Release|Any CPU.Build.0 = Release|Any CPU
		{22A51156-D058-47D5-BF44-00024483D04F}.Debug|Any CPU.ActiveCfg = Debug|Any CPU
		{22A51156-D058-47D5-BF44-00024483D04F}.Debug|Any CPU.Build.0 = Debug|Any CPU
		{22A51156-D058-47D5-BF44-00024483D04F}.Release|Any CPU.ActiveCfg = Release|Any CPU
		{22A51156-D058-47D5-BF44-00024483D04F}.Release|Any CPU.Build.0 = Release|Any CPU
		{58AF4F2F-CCC6-46AC-BEB3-FB665A310E85}.Debug|Any CPU.ActiveCfg = Debug|Any CPU
		{58AF4F2F-CCC6-46AC-BEB3-FB665A310E85}.Debug|Any CPU.Build.0 = Debug|Any CPU
		{58AF4F2F-CCC6-46AC-BEB3-FB665A310E85}.Release|Any CPU.ActiveCfg = Release|Any CPU
		{58AF4F2F-CCC6-46AC-BEB3-FB665A310E85}.Release|Any CPU.Build.0 = Release|Any CPU
		{28FC2B63-0843-4CBC-BC16-56E5D83D8A35}.Debug|Any CPU.ActiveCfg = Debug|Any CPU
		{28FC2B63-0843-4CBC-BC16-56E5D83D8A35}.Debug|Any CPU.Build.0 = Debug|Any CPU
		{28FC2B63-0843-4CBC-BC16-56E5D83D8A35}.Release|Any CPU.ActiveCfg = Release|Any CPU
		{28FC2B63-0843-4CBC-BC16-56E5D83D8A35}.Release|Any CPU.Build.0 = Release|Any CPU
		{BF0F9E8D-4A11-4033-8508-2B14E350F350}.Debug|Any CPU.ActiveCfg = Debug|Any CPU
		{BF0F9E8D-4A11-4033-8508-2B14E350F350}.Debug|Any CPU.Build.0 = Debug|Any CPU
		{BF0F9E8D-4A11-4033-8508-2B14E350F350}.Release|Any CPU.ActiveCfg = Release|Any CPU
		{BF0F9E8D-4A11-4033-8508-2B14E350F350}.Release|Any CPU.Build.0 = Release|Any CPU
		{72D83112-57B7-49F3-A1EA-B92765CF54C0}.Debug|Any CPU.ActiveCfg = Debug|Any CPU
		{72D83112-57B7-49F3-A1EA-B92765CF54C0}.Debug|Any CPU.Build.0 = Debug|Any CPU
		{72D83112-57B7-49F3-A1EA-B92765CF54C0}.Release|Any CPU.ActiveCfg = Release|Any CPU
		{72D83112-57B7-49F3-A1EA-B92765CF54C0}.Release|Any CPU.Build.0 = Release|Any CPU
		{0C9CCEFD-3EEF-48C6-9539-7E58587651FB}.Debug|Any CPU.ActiveCfg = Debug|Any CPU
		{0C9CCEFD-3EEF-48C6-9539-7E58587651FB}.Debug|Any CPU.Build.0 = Debug|Any CPU
		{0C9CCEFD-3EEF-48C6-9539-7E58587651FB}.Release|Any CPU.ActiveCfg = Release|Any CPU
		{0C9CCEFD-3EEF-48C6-9539-7E58587651FB}.Release|Any CPU.Build.0 = Release|Any CPU
		{5BD93F04-96B9-4CEB-AC3E-25DBB0C34C31}.Debug|Any CPU.ActiveCfg = Debug|Any CPU
		{5BD93F04-96B9-4CEB-AC3E-25DBB0C34C31}.Debug|Any CPU.Build.0 = Debug|Any CPU
		{5BD93F04-96B9-4CEB-AC3E-25DBB0C34C31}.Release|Any CPU.ActiveCfg = Release|Any CPU
		{5BD93F04-96B9-4CEB-AC3E-25DBB0C34C31}.Release|Any CPU.Build.0 = Release|Any CPU
		{D5C09F16-9B4E-4421-8F5B-6F9A881F88A4}.Debug|Any CPU.ActiveCfg = Debug|Any CPU
		{D5C09F16-9B4E-4421-8F5B-6F9A881F88A4}.Debug|Any CPU.Build.0 = Debug|Any CPU
		{D5C09F16-9B4E-4421-8F5B-6F9A881F88A4}.Release|Any CPU.ActiveCfg = Release|Any CPU
		{D5C09F16-9B4E-4421-8F5B-6F9A881F88A4}.Release|Any CPU.Build.0 = Release|Any CPU
		{02336622-8105-413D-B3A8-DE1C8BABECBB}.Debug|Any CPU.ActiveCfg = Debug|Any CPU
		{02336622-8105-413D-B3A8-DE1C8BABECBB}.Debug|Any CPU.Build.0 = Debug|Any CPU
		{02336622-8105-413D-B3A8-DE1C8BABECBB}.Release|Any CPU.ActiveCfg = Release|Any CPU
		{02336622-8105-413D-B3A8-DE1C8BABECBB}.Release|Any CPU.Build.0 = Release|Any CPU
		{9FDA6355-D98E-4FB4-8115-C09182F5DA83}.Debug|Any CPU.ActiveCfg = Debug|Any CPU
		{9FDA6355-D98E-4FB4-8115-C09182F5DA83}.Debug|Any CPU.Build.0 = Debug|Any CPU
		{9FDA6355-D98E-4FB4-8115-C09182F5DA83}.Release|Any CPU.ActiveCfg = Release|Any CPU
		{9FDA6355-D98E-4FB4-8115-C09182F5DA83}.Release|Any CPU.Build.0 = Release|Any CPU
		{C72364DE-051D-4733-AB11-F008FDA74D66}.Debug|Any CPU.ActiveCfg = Debug|Any CPU
		{C72364DE-051D-4733-AB11-F008FDA74D66}.Debug|Any CPU.Build.0 = Debug|Any CPU
		{C72364DE-051D-4733-AB11-F008FDA74D66}.Release|Any CPU.ActiveCfg = Release|Any CPU
		{C72364DE-051D-4733-AB11-F008FDA74D66}.Release|Any CPU.Build.0 = Release|Any CPU
	EndGlobalSection
	GlobalSection(SolutionProperties) = preSolution
		HideSolutionNode = FALSE
	EndGlobalSection
	GlobalSection(NestedProjects) = preSolution
		{580ACB8C-F559-41D4-971C-8B3EFF49DDB4} = {8D30C131-8223-4C54-A0A8-FE97525DA49A}
		{96952091-F3E8-4EBF-BC6B-95EB61F14F1E} = {8D30C131-8223-4C54-A0A8-FE97525DA49A}
		{CB688A01-9AE3-4E86-BF64-83E6941F8C3D} = {BFA899A1-5918-4F39-80C0-C83F95BBA1BA}
		{8D34EB6F-62AD-460A-A116-61DAC1D51806} = {CB688A01-9AE3-4E86-BF64-83E6941F8C3D}
		{3BE4EA35-6467-410B-9651-05BCFB0CC44B} = {CB688A01-9AE3-4E86-BF64-83E6941F8C3D}
		{28161320-0942-4931-A0CE-71A0C596F1FB} = {CB688A01-9AE3-4E86-BF64-83E6941F8C3D}
		{EDB6421C-B0D0-4E15-A845-3D5279FFCB3C} = {8D30C131-8223-4C54-A0A8-FE97525DA49A}
		{A2FB9FC1-64EC-4648-9FC2-DB89FBDE6279} = {BFA899A1-5918-4F39-80C0-C83F95BBA1BA}
		{22A51156-D058-47D5-BF44-00024483D04F} = {A2FB9FC1-64EC-4648-9FC2-DB89FBDE6279}
		{58AF4F2F-CCC6-46AC-BEB3-FB665A310E85} = {A2FB9FC1-64EC-4648-9FC2-DB89FBDE6279}
		{AAF1593E-E20A-418A-B002-EA161F005A30} = {BFA899A1-5918-4F39-80C0-C83F95BBA1BA}
		{28FC2B63-0843-4CBC-BC16-56E5D83D8A35} = {AAF1593E-E20A-418A-B002-EA161F005A30}
		{BF0F9E8D-4A11-4033-8508-2B14E350F350} = {AAF1593E-E20A-418A-B002-EA161F005A30}
		{72D83112-57B7-49F3-A1EA-B92765CF54C0} = {A2FB9FC1-64EC-4648-9FC2-DB89FBDE6279}
		{0C9CCEFD-3EEF-48C6-9539-7E58587651FB} = {AAF1593E-E20A-418A-B002-EA161F005A30}
		{5BD93F04-96B9-4CEB-AC3E-25DBB0C34C31} = {9F543D78-DF9E-47B0-A891-E8429D3DC0A0}
		{1E5E7C4B-1BBD-4E68-8373-1BF0F4CF3CD9} = {BFA899A1-5918-4F39-80C0-C83F95BBA1BA}
		{D5C09F16-9B4E-4421-8F5B-6F9A881F88A4} = {1E5E7C4B-1BBD-4E68-8373-1BF0F4CF3CD9}
		{02336622-8105-413D-B3A8-DE1C8BABECBB} = {897BB94D-6038-46AB-A4A1-F96490837667}
		{ADBEA802-BCDD-4923-8852-78DA86B540D4} = {BFA899A1-5918-4F39-80C0-C83F95BBA1BA}
		{9FDA6355-D98E-4FB4-8115-C09182F5DA83} = {ADBEA802-BCDD-4923-8852-78DA86B540D4}
		{C72364DE-051D-4733-AB11-F008FDA74D66} = {ADBEA802-BCDD-4923-8852-78DA86B540D4}
		{4772A432-9E47-47F0-A113-50FA1DEB86CF} = {2F4A03D8-056E-4097-9B1A-509EE1518A4A}
		{F36A9A83-21B3-40C7-A496-C136C99EC99C} = {2F4A03D8-056E-4097-9B1A-509EE1518A4A}
	EndGlobalSection
	GlobalSection(ExtensibilityGlobals) = postSolution
		SolutionGuid = {24CEB503-C2A5-41D8-8D3E-D4DF7087A2A5}
	EndGlobalSection
EndGlobal
